<?xml version="1.0" encoding="utf-8"?>
<Project ToolsVersion="4.0" xmlns="http://schemas.microsoft.com/developer/msbuild/2003">
  <ItemGroup>
    <Filter Include="头文件">
      <UniqueIdentifier>{93995380-89BD-4b04-88EB-625FBE52EBFB}</UniqueIdentifier>
      <Extensions>h;hpp;hxx;hm;inl;inc;xsd</Extensions>
    </Filter>
    <Filter Include="资源文件">
      <UniqueIdentifier>{67DA6AB6-F800-4c08-8B7A-83BB121AAD01}</UniqueIdentifier>
      <Extensions>rc;ico;cur;bmp;dlg;rc2;rct;bin;rgs;gif;jpg;jpeg;jpe;resx;tiff;tif;png;wav</Extensions>
    </Filter>
    <Filter Include="源文件">
      <UniqueIdentifier>{4FC737F1-C7A5-4376-A066-2A32D752A2FF}</UniqueIdentifier>
      <Extensions>cpp;c;cc;cxx;def;odl;idl;hpj;bat;asm;asmx</Extensions>
    </Filter>
  </ItemGroup>
  <ItemGroup>
    <ClInclude Include="ButtonClk.h">
      <Filter>头文件</Filter>
    </ClInclude>
    <ClInclude Include="Computer.h">
      <Filter>头文件</Filter>
    </ClInclude>
    <ClInclude Include="DlgGameChoose.h">
      <Filter>头文件</Filter>
    </ClInclude>
    <ClInclude Include="DlgHouseNoneMaster.h">
      <Filter>头文件</Filter>
    </ClInclude>
    <ClInclude Include="Game.h">
      <Filter>头文件</Filter>
    </ClInclude>
    <ClInclude Include="GameMap.h">
      <Filter>头文件</Filter>
    </ClInclude>
    <ClInclude Include="House.h">
      <Filter>头文件</Filter>
    </ClInclude>
    <ClInclude Include="MainFrm.h">
      <Filter>头文件</Filter>
    </ClInclude>
    <ClInclude Include="Player.h">
      <Filter>头文件</Filter>
    </ClInclude>
    <ClInclude Include="Resource.h">
      <Filter>头文件</Filter>
    </ClInclude>
    <ClInclude Include="RichMan.h">
      <Filter>头文件</Filter>
    </ClInclude>
    <ClInclude Include="RichManDoc.h">
      <Filter>头文件</Filter>
    </ClInclude>
    <ClInclude Include="RichManView.h">
      <Filter>头文件</Filter>
    </ClInclude>
    <ClInclude Include="Role.h">
      <Filter>头文件</Filter>
    </ClInclude>
    <ClInclude Include="RoleLook.h">
      <Filter>头文件</Filter>
    </ClInclude>
    <ClInclude Include="stdafx.h">
      <Filter>头文件</Filter>
    </ClInclude>
    <ClInclude Include="targetver.h">
      <Filter>头文件</Filter>
    </ClInclude>
    <ClInclude Include="Tool.h">
      <Filter>头文件</Filter>
    </ClInclude>
  </ItemGroup>
  <ItemGroup>
    <Image Include="res\RichMan.ico">
      <Filter>资源文件</Filter>
    </Image>
    <Image Include="res\RichManDoc.ico">
      <Filter>资源文件</Filter>
    </Image>
    <Image Include="res\Toolbar.bmp">
      <Filter>资源文件</Filter>
    </Image>
  </ItemGroup>
  <ItemGroup>
    <ResourceCompile Include="RichMan.rc">
      <Filter>资源文件</Filter>
    </ResourceCompile>
  </ItemGroup>
  <ItemGroup>
    <None Include="res\RichMan.rc2">
      <Filter>资源文件</Filter>
    </None>
  </ItemGroup>
  <ItemGroup>
    <ClCompile Include="ButtonClk.cpp">
      <Filter>源文件</Filter>
    </ClCompile>
    <ClCompile Include="Computer.cpp">
      <Filter>源文件</Filter>
    </ClCompile>
    <ClCompile Include="DlgGameChoose.cpp">
      <Filter>源文件</Filter>
    </ClCompile>
    <ClCompile Include="DlgHouseNoneMaster.cpp">
      <Filter>源文件</Filter>
    </ClCompile>
    <ClCompile Include="Game.cpp">
      <Filter>源文件</Filter>
    </ClCompile>
    <ClCompile Include="GameMap.cpp">
      <Filter>源文件</Filter>
    </ClCompile>
    <ClCompile Include="House.cpp">
      <Filter>源文件</Filter>
    </ClCompile>
    <ClCompile Include="MainFrm.cpp">
      <Filter>源文件</Filter>
    </ClCompile>
    <ClCompile Include="Player.cpp">
      <Filter>源文件</Filter>
    </ClCompile>
    <ClCompile Include="RichMan.cpp">
      <Filter>源文件</Filter>
    </ClCompile>
    <ClCompile Include="RichManDoc.cpp">
      <Filter>源文件</Filter>
    </ClCompile>
    <ClCompile Include="RichManView.cpp">
      <Filter>源文件</Filter>
    </ClCompile>
    <ClCompile Include="Role.cpp">
      <Filter>源文件</Filter>
    </ClCompile>
    <ClCompile Include="stdafx.cpp">
      <Filter>源文件</Filter>
    </ClCompile>
    <ClCompile Include="Tool.cpp">
      <Filter>源文件</Filter>
    </ClCompile>
  </ItemGroup>
  <ItemGroup>
    <Text Include="ReadMe.txt" />
  </ItemGroup>
</Project>